
Microsoft Visual Studio Solution File, Format Version 12.00
# Visual Studio 14
VisualStudioVersion = 14.0.25420.1
MinimumVisualStudioVersion = 10.0.40219.1
Project("{FAE04EC0-301F-11D3-BF4B-00C04F79EFBC}") = "ConexionBaseDeDatos", "ConexionBaseDeDatos\ConexionBaseDeDatos.csproj", "{29668358-5185-4641-A396-C48585325E96}"
EndProject
Project("{FAE04EC0-301F-11D3-BF4B-00C04F79EFBC}") = "Control", "Control\Control.csproj", "{A7E0CECE-E743-4998-8B41-91126E7A05EE}"
EndProject
Project("{FAE04EC0-301F-11D3-BF4B-00C04F79EFBC}") = "ControlesPersonalizados", "ControlesPersonalizados\ControlesPersonalizados.csproj", "{D87537E1-33D6-4458-89F6-C6E90592EFB6}"
EndProject
Project("{FAE04EC0-301F-11D3-BF4B-00C04F79EFBC}") = "Entidad", "Entidad\Entidad.csproj", "{0FF0B5CB-85E6-41B0-AE64-65B4A1FC5BC2}"
EndProject
Project("{FAE04EC0-301F-11D3-BF4B-00C04F79EFBC}") = "Presentacion", "Presentacion\Presentacion.csproj", "{E740BD56-A0E4-4D35-8C96-CA5E3460F765}"
EndProject
Project("{FAE04EC0-301F-11D3-BF4B-00C04F79EFBC}") = "Validaciones", "Validaciones\Validaciones.csproj", "{C88AA8C2-F794-48A1-BB3E-7746694BC46D}"
EndProject
Global
	GlobalSection(SolutionConfigurationPlatforms) = preSolution
		Debug|Any CPU = Debug|Any CPU
		Debug|ARM = Debug|ARM
		Debug|x64 = Debug|x64
		Debug|x86 = Debug|x86
		Release|Any CPU = Release|Any CPU
		Release|ARM = Release|ARM
		Release|x64 = Release|x64
		Release|x86 = Release|x86
	EndGlobalSection
	GlobalSection(ProjectConfigurationPlatforms) = postSolution
		{29668358-5185-4641-A396-C48585325E96}.Debug|Any CPU.ActiveCfg = Debug|Any CPU
		{29668358-5185-4641-A396-C48585325E96}.Debug|Any CPU.Build.0 = Debug|Any CPU
		{29668358-5185-4641-A396-C48585325E96}.Debug|ARM.ActiveCfg = Debug|Any CPU
		{29668358-5185-4641-A396-C48585325E96}.Debug|ARM.Build.0 = Debug|Any CPU
		{29668358-5185-4641-A396-C48585325E96}.Debug|x64.ActiveCfg = Debug|Any CPU
		{29668358-5185-4641-A396-C48585325E96}.Debug|x64.Build.0 = Debug|Any CPU
		{29668358-5185-4641-A396-C48585325E96}.Debug|x86.ActiveCfg = Debug|Any CPU
		{29668358-5185-4641-A396-C48585325E96}.Debug|x86.Build.0 = Debug|Any CPU
		{29668358-5185-4641-A396-C48585325E96}.Release|Any CPU.ActiveCfg = Release|Any CPU
		{29668358-5185-4641-A396-C48585325E96}.Release|Any CPU.Build.0 = Release|Any CPU
		{29668358-5185-4641-A396-C48585325E96}.Release|ARM.ActiveCfg = Release|Any CPU
		{29668358-5185-4641-A396-C48585325E96}.Release|ARM.Build.0 = Release|Any CPU
		{29668358-5185-4641-A396-C48585325E96}.Release|x64.ActiveCfg = Release|Any CPU
		{29668358-5185-4641-A396-C48585325E96}.Release|x64.Build.0 = Release|Any CPU
		{29668358-5185-4641-A396-C48585325E96}.Release|x86.ActiveCfg = Release|Any CPU
		{29668358-5185-4641-A396-C48585325E96}.Release|x86.Build.0 = Release|Any CPU
		{A7E0CECE-E743-4998-8B41-91126E7A05EE}.Debug|Any CPU.ActiveCfg = Debug|Any CPU
		{A7E0CECE-E743-4998-8B41-91126E7A05EE}.Debug|Any CPU.Build.0 = Debug|Any CPU
		{A7E0CECE-E743-4998-8B41-91126E7A05EE}.Debug|ARM.ActiveCfg = Debug|Any CPU
		{A7E0CECE-E743-4998-8B41-91126E7A05EE}.Debug|ARM.Build.0 = Debug|Any CPU
		{A7E0CECE-E743-4998-8B41-91126E7A05EE}.Debug|x64.ActiveCfg = Debug|Any CPU
		{A7E0CECE-E743-4998-8B41-91126E7A05EE}.Debug|x64.Build.0 = Debug|Any CPU
		{A7E0CECE-E743-4998-8B41-91126E7A05EE}.Debug|x86.ActiveCfg = Debug|Any CPU
		{A7E0CECE-E743-4998-8B41-91126E7A05EE}.Debug|x86.Build.0 = Debug|Any CPU
		{A7E0CECE-E743-4998-8B41-91126E7A05EE}.Release|Any CPU.ActiveCfg = Release|Any CPU
		{A7E0CECE-E743-4998-8B41-91126E7A05EE}.Release|Any CPU.Build.0 = Release|Any CPU
		{A7E0CECE-E743-4998-8B41-91126E7A05EE}.Release|ARM.ActiveCfg = Release|Any CPU
		{A7E0CECE-E743-4998-8B41-91126E7A05EE}.Release|ARM.Build.0 = Release|Any CPU
		{A7E0CECE-E743-4998-8B41-91126E7A05EE}.Release|x64.ActiveCfg = Release|Any CPU
		{A7E0CECE-E743-4998-8B41-91126E7A05EE}.Release|x64.Build.0 = Release|Any CPU
		{A7E0CECE-E743-4998-8B41-91126E7A05EE}.Release|x86.ActiveCfg = Release|Any CPU
		{A7E0CECE-E743-4998-8B41-91126E7A05EE}.Release|x86.Build.0 = Release|Any CPU
		{D87537E1-33D6-4458-89F6-C6E90592EFB6}.Debug|Any CPU.ActiveCfg = Debug|Any CPU
		{D87537E1-33D6-4458-89F6-C6E90592EFB6}.Debug|Any CPU.Build.0 = Debug|Any CPU
		{D87537E1-33D6-4458-89F6-C6E90592EFB6}.Debug|ARM.ActiveCfg = Debug|Any CPU
		{D87537E1-33D6-4458-89F6-C6E90592EFB6}.Debug|ARM.Build.0 = Debug|Any CPU
		{D87537E1-33D6-4458-89F6-C6E90592EFB6}.Debug|x64.ActiveCfg = Debug|Any CPU
		{D87537E1-33D6-4458-89F6-C6E90592EFB6}.Debug|x64.Build.0 = Debug|Any CPU
		{D87537E1-33D6-4458-89F6-C6E90592EFB6}.Debug|x86.ActiveCfg = Debug|Any CPU
		{D87537E1-33D6-4458-89F6-C6E90592EFB6}.Debug|x86.Build.0 = Debug|Any CPU
		{D87537E1-33D6-4458-89F6-C6E90592EFB6}.Release|Any CPU.ActiveCfg = Release|Any CPU
		{D87537E1-33D6-4458-89F6-C6E90592EFB6}.Release|Any CPU.Build.0 = Release|Any CPU
		{D87537E1-33D6-4458-89F6-C6E90592EFB6}.Release|ARM.ActiveCfg = Release|Any CPU
		{D87537E1-33D6-4458-89F6-C6E90592EFB6}.Release|ARM.Build.0 = Release|Any CPU
		{D87537E1-33D6-4458-89F6-C6E90592EFB6}.Release|x64.ActiveCfg = Release|Any CPU
		{D87537E1-33D6-4458-89F6-C6E90592EFB6}.Release|x64.Build.0 = Release|Any CPU
		{D87537E1-33D6-4458-89F6-C6E90592EFB6}.Release|x86.ActiveCfg = Release|Any CPU
		{D87537E1-33D6-4458-89F6-C6E90592EFB6}.Release|x86.Build.0 = Release|Any CPU
		{0FF0B5CB-85E6-41B0-AE64-65B4A1FC5BC2}.Debug|Any CPU.ActiveCfg = Debug|Any CPU
		{0FF0B5CB-85E6-41B0-AE64-65B4A1FC5BC2}.Debug|Any CPU.Build.0 = Debug|Any CPU
		{0FF0B5CB-85E6-41B0-AE64-65B4A1FC5BC2}.Debug|ARM.ActiveCfg = Debug|Any CPU
		{0FF0B5CB-85E6-41B0-AE64-65B4A1FC5BC2}.Debug|ARM.Build.0 = Debug|Any CPU
		{0FF0B5CB-85E6-41B0-AE64-65B4A1FC5BC2}.Debug|x64.ActiveCfg = Debug|Any CPU
		{0FF0B5CB-85E6-41B0-AE64-65B4A1FC5BC2}.Debug|x64.Build.0 = Debug|Any CPU
		{0FF0B5CB-85E6-41B0-AE64-65B4A1FC5BC2}.Debug|x86.ActiveCfg = Debug|Any CPU
		{0FF0B5CB-85E6-41B0-AE64-65B4A1FC5BC2}.Debug|x86.Build.0 = Debug|Any CPU
		{0FF0B5CB-85E6-41B0-AE64-65B4A1FC5BC2}.Release|Any CPU.ActiveCfg = Release|Any CPU
		{0FF0B5CB-85E6-41B0-AE64-65B4A1FC5BC2}.Release|Any CPU.Build.0 = Release|Any CPU
		{0FF0B5CB-85E6-41B0-AE64-65B4A1FC5BC2}.Release|ARM.ActiveCfg = Release|Any CPU
		{0FF0B5CB-85E6-41B0-AE64-65B4A1FC5BC2}.Release|ARM.Build.0 = Release|Any CPU
		{0FF0B5CB-85E6-41B0-AE64-65B4A1FC5BC2}.Release|x64.ActiveCfg = Release|Any CPU
		{0FF0B5CB-85E6-41B0-AE64-65B4A1FC5BC2}.Release|x64.Build.0 = Release|Any CPU
		{0FF0B5CB-85E6-41B0-AE64-65B4A1FC5BC2}.Release|x86.ActiveCfg = Release|Any CPU
		{0FF0B5CB-85E6-41B0-AE64-65B4A1FC5BC2}.Release|x86.Build.0 = Release|Any CPU
		{E740BD56-A0E4-4D35-8C96-CA5E3460F765}.Debug|Any CPU.ActiveCfg = Debug|Any CPU
		{E740BD56-A0E4-4D35-8C96-CA5E3460F765}.Debug|Any CPU.Build.0 = Debug|Any CPU
		{E740BD56-A0E4-4D35-8C96-CA5E3460F765}.Debug|ARM.ActiveCfg = Debug|Any CPU
		{E740BD56-A0E4-4D35-8C96-CA5E3460F765}.Debug|ARM.Build.0 = Debug|Any CPU
		{E740BD56-A0E4-4D35-8C96-CA5E3460F765}.Debug|x64.ActiveCfg = Debug|Any CPU
		{E740BD56-A0E4-4D35-8C96-CA5E3460F765}.Debug|x64.Build.0 = Debug|Any CPU
		{E740BD56-A0E4-4D35-8C96-CA5E3460F765}.Debug|x86.ActiveCfg = Debug|Any CPU
		{E740BD56-A0E4-4D35-8C96-CA5E3460F765}.Debug|x86.Build.0 = Debug|Any CPU
		{E740BD56-A0E4-4D35-8C96-CA5E3460F765}.Release|Any CPU.ActiveCfg = Release|Any CPU
		{E740BD56-A0E4-4D35-8C96-CA5E3460F765}.Release|Any CPU.Build.0 = Release|Any CPU
		{E740BD56-A0E4-4D35-8C96-CA5E3460F765}.Release|ARM.ActiveCfg = Release|Any CPU
		{E740BD56-A0E4-4D35-8C96-CA5E3460F765}.Release|ARM.Build.0 = Release|Any CPU
		{E740BD56-A0E4-4D35-8C96-CA5E3460F765}.Release|x64.ActiveCfg = Release|Any CPU
		{E740BD56-A0E4-4D35-8C96-CA5E3460F765}.Release|x64.Build.0 = Release|Any CPU
		{E740BD56-A0E4-4D35-8C96-CA5E3460F765}.Release|x86.ActiveCfg = Release|Any CPU
		{E740BD56-A0E4-4D35-8C96-CA5E3460F765}.Release|x86.Build.0 = Release|Any CPU
		{C88AA8C2-F794-48A1-BB3E-7746694BC46D}.Debug|Any CPU.ActiveCfg = Debug|Any CPU
		{C88AA8C2-F794-48A1-BB3E-7746694BC46D}.Debug|Any CPU.Build.0 = Debug|Any CPU
		{C88AA8C2-F794-48A1-BB3E-7746694BC46D}.Debug|ARM.ActiveCfg = Debug|Any CPU
		{C88AA8C2-F794-48A1-BB3E-7746694BC46D}.Debug|ARM.Build.0 = Debug|Any CPU
		{C88AA8C2-F794-48A1-BB3E-7746694BC46D}.Debug|x64.ActiveCfg = Debug|Any CPU
		{C88AA8C2-F794-48A1-BB3E-7746694BC46D}.Debug|x64.Build.0 = Debug|Any CPU
		{C88AA8C2-F794-48A1-BB3E-7746694BC46D}.Debug|x86.ActiveCfg = Debug|Any CPU
		{C88AA8C2-F794-48A1-BB3E-7746694BC46D}.Debug|x86.Build.0 = Debug|Any CPU
		{C88AA8C2-F794-48A1-BB3E-7746694BC46D}.Release|Any CPU.ActiveCfg = Release|Any CPU
		{C88AA8C2-F794-48A1-BB3E-7746694BC46D}.Release|Any CPU.Build.0 = Release|Any CPU
		{C88AA8C2-F794-48A1-BB3E-7746694BC46D}.Release|ARM.ActiveCfg = Release|Any CPU
		{C88AA8C2-F794-48A1-BB3E-7746694BC46D}.Release|ARM.Build.0 = Release|Any CPU
		{C88AA8C2-F794-48A1-BB3E-7746694BC46D}.Release|x64.ActiveCfg = Release|Any CPU
		{C88AA8C2-F794-48A1-BB3E-7746694BC46D}.Release|x64.Build.0 = Release|Any CPU
		{C88AA8C2-F794-48A1-BB3E-7746694BC46D}.Release|x86.ActiveCfg = Release|Any CPU
		{C88AA8C2-F794-48A1-BB3E-7746694BC46D}.Release|x86.Build.0 = Release|Any CPU
	EndGlobalSection
	GlobalSection(SolutionProperties) = preSolution
		HideSolutionNode = FALSE
	EndGlobalSection
EndGlobal
